
Microsoft Visual Studio Solution File, Format Version 12.00
# Visual Studio Version 17
VisualStudioVersion = 17.7.34031.279
MinimumVisualStudioVersion = 10.0.40219.1
Project("{888888A0-9F3D-457C-B088-3A5042F75D52}") = "Все перестановки заданной длины", "Все перестановки заданной длины\Все перестановки заданной длины.pyproj", "{842042D6-5405-4267-A2E5-8F8C2672434B}"
EndProject
Project("{888888A0-9F3D-457C-B088-3A5042F75D52}") = "Затерянный мир", "Затерянный мир\Затерянный мир.pyproj", "{DA4BA900-F18B-4FD4-A31F-A27173C03035}"
EndProject
Global
	GlobalSection(SolutionConfigurationPlatforms) = preSolution
		Debug|Any CPU = Debug|Any CPU
		Release|Any CPU = Release|Any CPU
	EndGlobalSection
	GlobalSection(ProjectConfigurationPlatforms) = postSolution
		{842042D6-5405-4267-A2E5-8F8C2672434B}.Debug|Any CPU.ActiveCfg = Debug|Any CPU
		{842042D6-5405-4267-A2E5-8F8C2672434B}.Release|Any CPU.ActiveCfg = Release|Any CPU
		{DA4BA900-F18B-4FD4-A31F-A27173C03035}.Debug|Any CPU.ActiveCfg = Debug|Any CPU
		{DA4BA900-F18B-4FD4-A31F-A27173C03035}.Release|Any CPU.ActiveCfg = Release|Any CPU
	EndGlobalSection
	GlobalSection(SolutionProperties) = preSolution
		HideSolutionNode = FALSE
	EndGlobalSection
	GlobalSection(ExtensibilityGlobals) = postSolution
		SolutionGuid = {D82552A0-DA41-48E8-8F7A-90605C18AFBB}
	EndGlobalSection
EndGlobal
